
Microsoft Visual Studio Solution File, Format Version 12.00
# Visual Studio Version 17
VisualStudioVersion = 17.9.34714.143
MinimumVisualStudioVersion = 10.0.40219.1
Project("{FAE04EC0-301F-11D3-BF4B-00C04F79EFBC}") = "AppCourseUtils", "AppCourseUtils\AppCourseUtils.csproj", "{B38F2B5F-57EB-47E3-A0E5-5033A747D71C}"
EndProject
Global
	GlobalSection(SolutionConfigurationPlatforms) = preSolution
		Debug|Any CPU = Debug|Any CPU
		Release|Any CPU = Release|Any CPU
	EndGlobalSection
	GlobalSection(ProjectConfigurationPlatforms) = postSolution
		{B38F2B5F-57EB-47E3-A0E5-5033A747D71C}.Debug|Any CPU.ActiveCfg = Debug|Any CPU
		{B38F2B5F-57EB-47E3-A0E5-5033A747D71C}.Debug|Any CPU.Build.0 = Debug|Any CPU
		{B38F2B5F-57EB-47E3-A0E5-5033A747D71C}.Release|Any CPU.ActiveCfg = Release|Any CPU
		{B38F2B5F-57EB-47E3-A0E5-5033A747D71C}.Release|Any CPU.Build.0 = Release|Any CPU
	EndGlobalSection
	GlobalSection(SolutionProperties) = preSolution
		HideSolutionNode = FALSE
	EndGlobalSection
	GlobalSection(ExtensibilityGlobals) = postSolution
		SolutionGuid = {A2330F14-75AA-4AAF-8887-215E431FB533}
	EndGlobalSection
EndGlobal
