
Microsoft Visual Studio Solution File, Format Version 12.00
# Visual Studio Version 17
VisualStudioVersion = 17.9.34714.143
MinimumVisualStudioVersion = 10.0.40219.1
Project("{9A19103F-16F7-4668-BE54-9A1E7A4F7556}") = "OOPClassLibrary", "OOPClassLibrary\OOPClassLibrary.csproj", "{C54D7841-301A-452B-BEDF-C181BD1A06AF}"
EndProject
Project("{9A19103F-16F7-4668-BE54-9A1E7A4F7556}") = "OOPClassLibraryTests", "OOPClassLibraryTests\OOPClassLibraryTests.csproj", "{3B171380-5188-4E53-8E30-4BBE6E13F683}"
EndProject
Project("{FAE04EC0-301F-11D3-BF4B-00C04F79EFBC}") = "Fiscal.WinForm", "Fiscal.WinForm\Fiscal.WinForm.csproj", "{1AC63F16-7CF8-44AB-AA30-7D957EB17020}"
EndProject
Global
	GlobalSection(SolutionConfigurationPlatforms) = preSolution
		Debug|Any CPU = Debug|Any CPU
		Release|Any CPU = Release|Any CPU
	EndGlobalSection
	GlobalSection(ProjectConfigurationPlatforms) = postSolution
		{C54D7841-301A-452B-BEDF-C181BD1A06AF}.Debug|Any CPU.ActiveCfg = Debug|Any CPU
		{C54D7841-301A-452B-BEDF-C181BD1A06AF}.Debug|Any CPU.Build.0 = Debug|Any CPU
		{C54D7841-301A-452B-BEDF-C181BD1A06AF}.Release|Any CPU.ActiveCfg = Release|Any CPU
		{C54D7841-301A-452B-BEDF-C181BD1A06AF}.Release|Any CPU.Build.0 = Release|Any CPU
		{3B171380-5188-4E53-8E30-4BBE6E13F683}.Debug|Any CPU.ActiveCfg = Debug|Any CPU
		{3B171380-5188-4E53-8E30-4BBE6E13F683}.Debug|Any CPU.Build.0 = Debug|Any CPU
		{3B171380-5188-4E53-8E30-4BBE6E13F683}.Release|Any CPU.ActiveCfg = Release|Any CPU
		{3B171380-5188-4E53-8E30-4BBE6E13F683}.Release|Any CPU.Build.0 = Release|Any CPU
		{1AC63F16-7CF8-44AB-AA30-7D957EB17020}.Debug|Any CPU.ActiveCfg = Debug|Any CPU
		{1AC63F16-7CF8-44AB-AA30-7D957EB17020}.Debug|Any CPU.Build.0 = Debug|Any CPU
		{1AC63F16-7CF8-44AB-AA30-7D957EB17020}.Release|Any CPU.ActiveCfg = Release|Any CPU
		{1AC63F16-7CF8-44AB-AA30-7D957EB17020}.Release|Any CPU.Build.0 = Release|Any CPU
	EndGlobalSection
	GlobalSection(SolutionProperties) = preSolution
		HideSolutionNode = FALSE
	EndGlobalSection
	GlobalSection(ExtensibilityGlobals) = postSolution
		SolutionGuid = {41BF0478-C355-45CD-869B-2B1FAF277EE7}
	EndGlobalSection
EndGlobal
